Microsoft Visual Studio Solution File, Format Version 12.00
# Visual Studio Version 17
VisualStudioVersion = 17.5.2.0
MinimumVisualStudioVersion = 10.0.40219.1
Project("{FAE04EC0-301F-11D3-BF4B-00C04F79EFBC}") = "PdfRenamer", "PdfRenamer.csproj", "{331E8CB3-DCE5-6BF9-1148-FFA182FF940F}"
EndProject
Global
	GlobalSection(SolutionConfigurationPlatforms) = preSolution
		Debug|Any CPU = Debug|Any CPU
		Release|Any CPU = Release|Any CPU
	EndGlobalSection
	GlobalSection(ProjectConfigurationPlatforms) = postSolution
		{331E8CB3-DCE5-6BF9-1148-FFA182FF940F}.Debug|Any CPU.ActiveCfg = Debug|Any CPU
		{331E8CB3-DCE5-6BF9-1148-FFA182FF940F}.Debug|Any CPU.Build.0 = Debug|Any CPU
		{331E8CB3-DCE5-6BF9-1148-FFA182FF940F}.Release|Any CPU.ActiveCfg = Release|Any CPU
		{331E8CB3-DCE5-6BF9-1148-FFA182FF940F}.Release|Any CPU.Build.0 = Release|Any CPU
	EndGlobalSection
	GlobalSection(SolutionProperties) = preSolution
		HideSolutionNode = FALSE
	EndGlobalSection
	GlobalSection(ExtensibilityGlobals) = postSolution
		SolutionGuid = {F9CBE040-9DD5-4D70-8281-FDFF8A8E4728}
	EndGlobalSection
EndGlobal
